{
  "name": "lucide-elementor-icons",
  "version": "1.0.0",
  "lockfileVersion": 3,
  "requires": true,
  "packages": {
    "": {
      "name": "lucide-elementor-icons",
      "version": "1.0.0",
      "license": "GPL-2.0-or-later",
      "devDependencies": {
        "lucide-static": "1.50.0"
      },
      "engines": {
        "node": ">=22"
      }
    },
    "node_modules/lucide-static": {
      "version": "1.50.0",
      "resolved": "https://registry.npmjs.org/lucide-static/-/lucide-static-1.50.0.tgz",
      "integrity": "sha512-Pge6F5Au0bEBvjaeBIjfU5PsmA43FHdM3s5g3rYqSNWvBO3o7WwDSNQSavwX76z/OoSCjwSVbQpGA9lqKud/WA==",
      "dev": true,
      "license": "ISC"
    }
  }
}
